
Microsoft Visual Studio Solution File, Format Version 12.00
# Visual Studio Version 17
VisualStudioVersion = 17.4.33205.214
MinimumVisualStudioVersion = 10.0.40219.1
Project("{9A19103F-16F7-4668-BE54-9A1E7A4F7556}") = "RedditWorkerService", "RedditWorkerService\RedditWorkerService.csproj", "{C312BF73-29D0-4478-9372-05B3EFB4F8C1}"
EndProject
Project("{FAE04EC0-301F-11D3-BF4B-00C04F79EFBC}") = "RedditWorkerServiceTests", "RedditWorkerServiceTests\RedditWorkerServiceTests.csproj", "{C2420C43-B0F6-42CD-BF72-B77E34893047}"
EndProject
Global
	GlobalSection(SolutionConfigurationPlatforms) = preSolution
		Debug|Any CPU = Debug|Any CPU
		Release|Any CPU = Release|Any CPU
	EndGlobalSection
	GlobalSection(ProjectConfigurationPlatforms) = postSolution
		{C312BF73-29D0-4478-9372-05B3EFB4F8C1}.Debug|Any CPU.ActiveCfg = Debug|Any CPU
		{C312BF73-29D0-4478-9372-05B3EFB4F8C1}.Debug|Any CPU.Build.0 = Debug|Any CPU
		{C312BF73-29D0-4478-9372-05B3EFB4F8C1}.Release|Any CPU.ActiveCfg = Release|Any CPU
		{C312BF73-29D0-4478-9372-05B3EFB4F8C1}.Release|Any CPU.Build.0 = Release|Any CPU
		{C2420C43-B0F6-42CD-BF72-B77E34893047}.Debug|Any CPU.ActiveCfg = Debug|Any CPU
		{C2420C43-B0F6-42CD-BF72-B77E34893047}.Debug|Any CPU.Build.0 = Debug|Any CPU
		{C2420C43-B0F6-42CD-BF72-B77E34893047}.Release|Any CPU.ActiveCfg = Release|Any CPU
		{C2420C43-B0F6-42CD-BF72-B77E34893047}.Release|Any CPU.Build.0 = Release|Any CPU
	EndGlobalSection
	GlobalSection(SolutionProperties) = preSolution
		HideSolutionNode = FALSE
	EndGlobalSection
	GlobalSection(ExtensibilityGlobals) = postSolution
		SolutionGuid = {9F469878-4ADD-404B-8387-31D0C3012FBE}
	EndGlobalSection
EndGlobal
